// !$*UTF8*$!
{
	archiveVersion = 1;
	classes = {
	};
	objectVersion = 56;
	objects = {

/* Begin PBXBuildFile section */
		50204ABC29F2EB3E0066496B /* LandmarksApp.swift in Sources */ = {isa = PBXBuildFile; fileRef = 50204ABB29F2EB3E0066496B /* LandmarksApp.swift */; };
		50204ABE29F2EB3E0066496B /* ContentView.swift in Sources */ = {isa = PBXBuildFile; fileRef = 50204ABD29F2EB3E0066496B /* ContentView.swift */; };
		50204AC029F2EB400066496B /* Assets.xcassets in Resources */ = {isa = PBXBuildFile; fileRef = 50204ABF29F2EB400066496B /* Assets.xcassets */; };
		50204AC329F2EB400066496B /* Preview Assets.xcassets in Resources */ = {isa = PBXBuildFile; fileRef = 50204AC229F2EB400066496B /* Preview Assets.xcassets */; };
		50204ACA29F2F2110066496B /* CircleImage.swift in Sources */ = {isa = PBXBuildFile; fileRef = 50204AC929F2F2110066496B /* CircleImage.swift */; };
		50204ACC29F2F3C10066496B /* MapView.swift in Sources */ = {isa = PBXBuildFile; fileRef = 50204ACB29F2F3C10066496B /* MapView.swift */; };
		506DAEC229F48945001B0D12 /* landmarkData.json in Resources */ = {isa = PBXBuildFile; fileRef = 506DAEC129F48945001B0D12 /* landmarkData.json */; };
		506DAEC429F48986001B0D12 /* Landmark.swift in Sources */ = {isa = PBXBuildFile; fileRef = 506DAEC329F48986001B0D12 /* Landmark.swift */; };
		506DAEC629F48C4C001B0D12 /* ModelData.swift in Sources */ = {isa = PBXBuildFile; fileRef = 506DAEC529F48C4C001B0D12 /* ModelData.swift */; };
		506DAECB29F48E62001B0D12 /* LandmarkRow.swift in Sources */ = {isa = PBXBuildFile; fileRef = 506DAECA29F48E62001B0D12 /* LandmarkRow.swift */; };
		506DAECD29F49B9C001B0D12 /* LandmarkList.swift in Sources */ = {isa = PBXBuildFile; fileRef = 506DAECC29F49B9C001B0D12 /* LandmarkList.swift */; };
		506DAECF29F4A26C001B0D12 /* LandmarkDetail.swift in Sources */ = {isa = PBXBuildFile; fileRef = 506DAECE29F4A26C001B0D12 /* LandmarkDetail.swift */; };
		506DAED129F4BF98001B0D12 /* FavoriteButton.swift in Sources */ = {isa = PBXBuildFile; fileRef = 506DAED029F4BF98001B0D12 /* FavoriteButton.swift */; };
		508A114029F5623300AC097C /* HexagonParameters.swift in Sources */ = {isa = PBXBuildFile; fileRef = 508A113F29F5623300AC097C /* HexagonParameters.swift */; };
		508A114229F563D800AC097C /* BadgeBackground.swift in Sources */ = {isa = PBXBuildFile; fileRef = 508A114129F563D800AC097C /* BadgeBackground.swift */; };
		508A114429F5697700AC097C /* BadgeSymbol.swift in Sources */ = {isa = PBXBuildFile; fileRef = 508A114329F5697700AC097C /* BadgeSymbol.swift */; };
		508A114629F56A5E00AC097C /* RotatedBadgeSymbol.swift in Sources */ = {isa = PBXBuildFile; fileRef = 508A114529F56A5E00AC097C /* RotatedBadgeSymbol.swift */; };
		508A114829F56ACF00AC097C /* Badge.swift in Sources */ = {isa = PBXBuildFile; fileRef = 508A114729F56ACF00AC097C /* Badge.swift */; };
/* End PBXBuildFile section */

/* Begin PBXFileReference section */
		50204AB829F2EB3E0066496B /* Landmarks.app */ = {isa = PBXFileReference; explicitFileType = wrapper.application; includeInIndex = 0; path = Landmarks.app; sourceTree = BUILT_PRODUCTS_DIR; };
		50204ABB29F2EB3E0066496B /* LandmarksApp.swift */ = {isa = PBXFileReference; lastKnownFileType = sourcecode.swift; path = LandmarksApp.swift; sourceTree = "<group>"; };
		50204ABD29F2EB3E0066496B /* ContentView.swift */ = {isa = PBXFileReference; lastKnownFileType = sourcecode.swift; path = ContentView.swift; sourceTree = "<group>"; };
		50204ABF29F2EB400066496B /* Assets.xcassets */ = {isa = PBXFileReference; lastKnownFileType = folder.assetcatalog; path = Assets.xcassets; sourceTree = "<group>"; };
		50204AC229F2EB400066496B /* Preview Assets.xcassets */ = {isa = PBXFileReference; lastKnownFileType = folder.assetcatalog; path = "Preview Assets.xcassets"; sourceTree = "<group>"; };
		50204AC929F2F2110066496B /* CircleImage.swift */ = {isa = PBXFileReference; lastKnownFileType = sourcecode.swift; path = CircleImage.swift; sourceTree = "<group>"; };
		50204ACB29F2F3C10066496B /* MapView.swift */ = {isa = PBXFileReference; lastKnownFileType = sourcecode.swift; path = MapView.swift; sourceTree = "<group>"; };
		506DAEC129F48945001B0D12 /* landmarkData.json */ = {isa = PBXFileReference; fileEncoding = 4; lastKnownFileType = text.json; path = landmarkData.json; sourceTree = "<group>"; };
		506DAEC329F48986001B0D12 /* Landmark.swift */ = {isa = PBXFileReference; lastKnownFileType = sourcecode.swift; path = Landmark.swift; sourceTree = "<group>"; };
		506DAEC529F48C4C001B0D12 /* ModelData.swift */ = {isa = PBXFileReference; lastKnownFileType = sourcecode.swift; path = ModelData.swift; sourceTree = "<group>"; };
		506DAECA29F48E62001B0D12 /* LandmarkRow.swift */ = {isa = PBXFileReference; lastKnownFileType = sourcecode.swift; path = LandmarkRow.swift; sourceTree = "<group>"; };
		506DAECC29F49B9C001B0D12 /* LandmarkList.swift */ = {isa = PBXFileReference; lastKnownFileType = sourcecode.swift; path = LandmarkList.swift; sourceTree = "<group>"; };
		506DAECE29F4A26C001B0D12 /* LandmarkDetail.swift */ = {isa = PBXFileReference; lastKnownFileType = sourcecode.swift; path = LandmarkDetail.swift; sourceTree = "<group>"; };
		506DAED029F4BF98001B0D12 /* FavoriteButton.swift */ = {isa = PBXFileReference; lastKnownFileType = sourcecode.swift; path = FavoriteButton.swift; sourceTree = "<group>"; };
		508A113F29F5623300AC097C /* HexagonParameters.swift */ = {isa = PBXFileReference; lastKnownFileType = sourcecode.swift; path = HexagonParameters.swift; sourceTree = "<group>"; };
		508A114129F563D800AC097C /* BadgeBackground.swift */ = {isa = PBXFileReference; lastKnownFileType = sourcecode.swift; path = BadgeBackground.swift; sourceTree = "<group>"; };
		508A114329F5697700AC097C /* BadgeSymbol.swift */ = {isa = PBXFileReference; lastKnownFileType = sourcecode.swift; path = BadgeSymbol.swift; sourceTree = "<group>"; };
		508A114529F56A5E00AC097C /* RotatedBadgeSymbol.swift */ = {isa = PBXFileReference; lastKnownFileType = sourcecode.swift; path = RotatedBadgeSymbol.swift; sourceTree = "<group>"; };
		508A114729F56ACF00AC097C /* Badge.swift */ = {isa = PBXFileReference; lastKnownFileType = sourcecode.swift; path = Badge.swift; sourceTree = "<group>"; };
/* End PBXFileReference section */

/* Begin PBXFrameworksBuildPhase section */
		50204AB529F2EB3E0066496B /* Frameworks */ = {
			isa = PBXFrameworksBuildPhase;
			buildActionMask = 2147483647;
			files = (
			);
			runOnlyForDeploymentPostprocessing = 0;
		};
/* End PBXFrameworksBuildPhase section */

/* Begin PBXGroup section */
		50204AAF29F2EB3E0066496B = {
			isa = PBXGroup;
			children = (
				50204ABA29F2EB3E0066496B /* Landmarks */,
				50204AB929F2EB3E0066496B /* Products */,
			);
			sourceTree = "<group>";
		};
		50204AB929F2EB3E0066496B /* Products */ = {
			isa = PBXGroup;
			children = (
				50204AB829F2EB3E0066496B /* Landmarks.app */,
			);
			name = Products;
			sourceTree = "<group>";
		};
		50204ABA29F2EB3E0066496B /* Landmarks */ = {
			isa = PBXGroup;
			children = (
				50204ABB29F2EB3E0066496B /* LandmarksApp.swift */,
				506DAEC729F48D4F001B0D12 /* Views */,
				506DAEC829F48D8F001B0D12 /* Model */,
				506DAEC929F48DCA001B0D12 /* Resources */,
				50204ABF29F2EB400066496B /* Assets.xcassets */,
				50204AC129F2EB400066496B /* Preview Content */,
			);
			path = Landmarks;
			sourceTree = "<group>";
		};
		50204AC129F2EB400066496B /* Preview Content */ = {
			isa = PBXGroup;
			children = (
				50204AC229F2EB400066496B /* Preview Assets.xcassets */,
			);
			path = "Preview Content";
			sourceTree = "<group>";
		};
		506DAEC729F48D4F001B0D12 /* Views */ = {
			isa = PBXGroup;
			children = (
				50204ABD29F2EB3E0066496B /* ContentView.swift */,
				506DAED329F4C0CE001B0D12 /* Landmarks */,
				508A114929F56C1000AC097C /* Badges */,
				506DAED229F4C08A001B0D12 /* Helpers */,
			);
			path = Views;
			sourceTree = "<group>";
		};
		506DAEC829F48D8F001B0D12 /* Model */ = {
			isa = PBXGroup;
			children = (
				506DAEC329F48986001B0D12 /* Landmark.swift */,
				506DAEC529F48C4C001B0D12 /* ModelData.swift */,
			);
			path = Model;
			sourceTree = "<group>";
		};
		506DAEC929F48DCA001B0D12 /* Resources */ = {
			isa = PBXGroup;
			children = (
				506DAEC129F48945001B0D12 /* landmarkData.json */,
			);
			path = Resources;
			sourceTree = "<group>";
		};
		506DAED229F4C08A001B0D12 /* Helpers */ = {
			isa = PBXGroup;
			children = (
				50204AC929F2F2110066496B /* CircleImage.swift */,
				50204ACB29F2F3C10066496B /* MapView.swift */,
				506DAED029F4BF98001B0D12 /* FavoriteButton.swift */,
			);
			path = Helpers;
			sourceTree = "<group>";
		};
		506DAED329F4C0CE001B0D12 /* Landmarks */ = {
			isa = PBXGroup;
			children = (
				506DAECA29F48E62001B0D12 /* LandmarkRow.swift */,
				506DAECC29F49B9C001B0D12 /* LandmarkList.swift */,
				506DAECE29F4A26C001B0D12 /* LandmarkDetail.swift */,
			);
			path = Landmarks;
			sourceTree = "<group>";
		};
		508A114929F56C1000AC097C /* Badges */ = {
			isa = PBXGroup;
			children = (
				508A113F29F5623300AC097C /* HexagonParameters.swift */,
				508A114129F563D800AC097C /* BadgeBackground.swift */,
				508A114329F5697700AC097C /* BadgeSymbol.swift */,
				508A114529F56A5E00AC097C /* RotatedBadgeSymbol.swift */,
				508A114729F56ACF00AC097C /* Badge.swift */,
			);
			path = Badges;
			sourceTree = "<group>";
		};
/* End PBXGroup section */

/* Begin PBXNativeTarget section */
		50204AB729F2EB3E0066496B /* Landmarks */ = {
			isa = PBXNativeTarget;
			buildConfigurationList = 50204AC629F2EB400066496B /* Build configuration list for PBXNativeTarget "Landmarks" */;
			buildPhases = (
				50204AB429F2EB3E0066496B /* Sources */,
				50204AB529F2EB3E0066496B /* Frameworks */,
				50204AB629F2EB3E0066496B /* Resources */,
			);
			buildRules = (
			);
			dependencies = (
			);
			name = Landmarks;
			productName = Landmarks;
			productReference = 50204AB829F2EB3E0066496B /* Landmarks.app */;
			productType = "com.apple.product-type.application";
		};
/* End PBXNativeTarget section */

/* Begin PBXProject section */
		50204AB029F2EB3E0066496B /* Project object */ = {
			isa = PBXProject;
			attributes = {
				BuildIndependentTargetsInParallel = 1;
				LastSwiftUpdateCheck = 1420;
				LastUpgradeCheck = 1420;
				TargetAttributes = {
					50204AB729F2EB3E0066496B = {
						CreatedOnToolsVersion = 14.2;
					};
				};
			};
			buildConfigurationList = 50204AB329F2EB3E0066496B /* Build configuration list for PBXProject "Landmarks" */;
			compatibilityVersion = "Xcode 14.0";
			developmentRegion = en;
			hasScannedForEncodings = 0;
			knownRegions = (
				en,
				Base,
			);
			mainGroup = 50204AAF29F2EB3E0066496B;
			productRefGroup = 50204AB929F2EB3E0066496B /* Products */;
			projectDirPath = "";
			projectRoot = "";
			targets = (
				50204AB729F2EB3E0066496B /* Landmarks */,
			);
		};
/* End PBXProject section */

/* Begin PBXResourcesBuildPhase section */
		50204AB629F2EB3E0066496B /* Resources */ = {
			isa = PBXResourcesBuildPhase;
			buildActionMask = 2147483647;
			files = (
				50204AC329F2EB400066496B /* Preview Assets.xcassets in Resources */,
				50204AC029F2EB400066496B /* Assets.xcassets in Resources */,
				506DAEC229F48945001B0D12 /* landmarkData.json in Resources */,
			);
			runOnlyForDeploymentPostprocessing = 0;
		};
/* End PBXResourcesBuildPhase section */

/* Begin PBXSourcesBuildPhase section */
		50204AB429F2EB3E0066496B /* Sources */ = {
			isa = PBXSourcesBuildPhase;
			buildActionMask = 2147483647;
			files = (
				50204ABE29F2EB3E0066496B /* ContentView.swift in Sources */,
				508A114829F56ACF00AC097C /* Badge.swift in Sources */,
				506DAEC629F48C4C001B0D12 /* ModelData.swift in Sources */,
				50204ACC29F2F3C10066496B /* MapView.swift in Sources */,
				506DAED129F4BF98001B0D12 /* FavoriteButton.swift in Sources */,
				508A114029F5623300AC097C /* HexagonParameters.swift in Sources */,
				508A114629F56A5E00AC097C /* RotatedBadgeSymbol.swift in Sources */,
				508A114429F5697700AC097C /* BadgeSymbol.swift in Sources */,
				506DAECD29F49B9C001B0D12 /* LandmarkList.swift in Sources */,
				506DAECF29F4A26C001B0D12 /* LandmarkDetail.swift in Sources */,
				508A114229F563D800AC097C /* BadgeBackground.swift in Sources */,
				50204ABC29F2EB3E0066496B /* LandmarksApp.swift in Sources */,
				50204ACA29F2F2110066496B /* CircleImage.swift in Sources */,
				506DAECB29F48E62001B0D12 /* LandmarkRow.swift in Sources */,
				506DAEC429F48986001B0D12 /* Landmark.swift in Sources */,
			);
			runOnlyForDeploymentPostprocessing = 0;
		};
/* End PBXSourcesBuildPhase section */

/* Begin XCBuildConfiguration section */
		50204AC429F2EB400066496B /* Debug */ = {
			isa = XCBuildConfiguration;
			buildSettings = {
				ALWAYS_SEARCH_USER_PATHS = NO;
				CLANG_ANALYZER_NONNULL = YES;
				CLANG_ANALYZER_NUMBER_OBJECT_CONVERSION = YES_AGGRESSIVE;
				CLANG_CXX_LANGUAGE_STANDARD = "gnu++20";
				CLANG_ENABLE_MODULES = YES;
				CLANG_ENABLE_OBJC_ARC = YES;
				CLANG_ENABLE_OBJC_WEAK = YES;
				CLANG_WARN_BLOCK_CAPTURE_AUTORELEASING = YES;
				CLANG_WARN_BOOL_CONVERSION = YES;
				CLANG_WARN_COMMA = YES;
				CLANG_WARN_CONSTANT_CONVERSION = YES;
				CLANG_WARN_DEPRECATED_OBJC_IMPLEMENTATIONS = YES;
				CLANG_WARN_DIRECT_OBJC_ISA_USAGE = YES_ERROR;
				CLANG_WARN_DOCUMENTATION_COMMENTS = YES;
				CLANG_WARN_EMPTY_BODY = YES;
				CLANG_WARN_ENUM_CONVERSION = YES;
				CLANG_WARN_INFINITE_RECURSION = YES;
				CLANG_WARN_INT_CONVERSION = YES;
				CLANG_WARN_NON_LITERAL_NULL_CONVERSION = YES;
				CLANG_WARN_OBJC_IMPLICIT_RETAIN_SELF = YES;
				CLANG_WARN_OBJC_LITERAL_CONVERSION = YES;
				CLANG_WARN_OBJC_ROOT_CLASS = YES_ERROR;
				CLANG_WARN_QUOTED_INCLUDE_IN_FRAMEWORK_HEADER = YES;
				CLANG_WARN_RANGE_LOOP_ANALYSIS = YES;
				CLANG_WARN_STRICT_PROTOTYPES = YES;
				CLANG_WARN_SUSPICIOUS_MOVE = YES;
				CLANG_WARN_UNGUARDED_AVAILABILITY = YES_AGGRESSIVE;
				CLANG_WARN_UNREACHABLE_CODE = YES;
				CLANG_WARN__DUPLICATE_METHOD_MATCH = YES;
				COPY_PHASE_STRIP = NO;
				DEBUG_INFORMATION_FORMAT = dwarf;
				ENABLE_STRICT_OBJC_MSGSEND = YES;
				ENABLE_TESTABILITY = YES;
				GCC_C_LANGUAGE_STANDARD = gnu11;
				GCC_DYNAMIC_NO_PIC = NO;
				GCC_NO_COMMON_BLOCKS = YES;
				GCC_OPTIMIZATION_LEVEL = 0;
				GCC_PREPROCESSOR_DEFINITIONS = (
					"DEBUG=1",
					"$(inherited)",
				);
				GCC_WARN_64_TO_32_BIT_CONVERSION = YES;
				GCC_WARN_ABOUT_RETURN_TYPE = YES_ERROR;
				GCC_WARN_UNDECLARED_SELECTOR = YES;
				GCC_WARN_UNINITIALIZED_AUTOS = YES_AGGRESSIVE;
				GCC_WARN_UNUSED_FUNCTION = YES;
				GCC_WARN_UNUSED_VARIABLE = YES;
				IPHONEOS_DEPLOYMENT_TARGET = 16.2;
				MTL_ENABLE_DEBUG_INFO = INCLUDE_SOURCE;
				MTL_FAST_MATH = YES;
				ONLY_ACTIVE_ARCH = YES;
				SDKROOT = iphoneos;
				SWIFT_ACTIVE_COMPILATION_CONDITIONS = DEBUG;
				SWIFT_OPTIMIZATION_LEVEL = "-Onone";
			};
			name = Debug;
		};
		50204AC529F2EB400066496B /* Release */ = {
			isa = XCBuildConfiguration;
			buildSettings = {
				ALWAYS_SEARCH_USER_PATHS = NO;
				CLANG_ANALYZER_NONNULL = YES;
				CLANG_ANALYZER_NUMBER_OBJECT_CONVERSION = YES_AGGRESSIVE;
				CLANG_CXX_LANGUAGE_STANDARD = "gnu++20";
				CLANG_ENABLE_MODULES = YES;
				CLANG_ENABLE_OBJC_ARC = YES;
				CLANG_ENABLE_OBJC_WEAK = YES;
				CLANG_WARN_BLOCK_CAPTURE_AUTORELEASING = YES;
				CLANG_WARN_BOOL_CONVERSION = YES;
				CLANG_WARN_COMMA = YES;
				CLANG_WARN_CONSTANT_CONVERSION = YES;
				CLANG_WARN_DEPRECATED_OBJC_IMPLEMENTATIONS = YES;
				CLANG_WARN_DIRECT_OBJC_ISA_USAGE = YES_ERROR;
				CLANG_WARN_DOCUMENTATION_COMMENTS = YES;
				CLANG_WARN_EMPTY_BODY = YES;
				CLANG_WARN_ENUM_CONVERSION = YES;
				CLANG_WARN_INFINITE_RECURSION = YES;
				CLANG_WARN_INT_CONVERSION = YES;
				CLANG_WARN_NON_LITERAL_NULL_CONVERSION = YES;
				CLANG_WARN_OBJC_IMPLICIT_RETAIN_SELF = YES;
				CLANG_WARN_OBJC_LITERAL_CONVERSION = YES;
				CLANG_WARN_OBJC_ROOT_CLASS = YES_ERROR;
				CLANG_WARN_QUOTED_INCLUDE_IN_FRAMEWORK_HEADER = YES;
				CLANG_WARN_RANGE_LOOP_ANALYSIS = YES;
				CLANG_WARN_STRICT_PROTOTYPES = YES;
				CLANG_WARN_SUSPICIOUS_MOVE = YES;
				CLANG_WARN_UNGUARDED_AVAILABILITY = YES_AGGRESSIVE;
				CLANG_WARN_UNREACHABLE_CODE = YES;
				CLANG_WARN__DUPLICATE_METHOD_MATCH = YES;
				COPY_PHASE_STRIP = NO;
				DEBUG_INFORMATION_FORMAT = "dwarf-with-dsym";
				ENABLE_NS_ASSERTIONS = NO;
				ENABLE_STRICT_OBJC_MSGSEND = YES;
				GCC_C_LANGUAGE_STANDARD = gnu11;
				GCC_NO_COMMON_BLOCKS = YES;
				GCC_WARN_64_TO_32_BIT_CONVERSION = YES;
				GCC_WARN_ABOUT_RETURN_TYPE = YES_ERROR;
				GCC_WARN_UNDECLARED_SELECTOR = YES;
				GCC_WARN_UNINITIALIZED_AUTOS = YES_AGGRESSIVE;
				GCC_WARN_UNUSED_FUNCTION = YES;
				GCC_WARN_UNUSED_VARIABLE = YES;
				IPHONEOS_DEPLOYMENT_TARGET = 16.2;
				MTL_ENABLE_DEBUG_INFO = NO;
				MTL_FAST_MATH = YES;
				SDKROOT = iphoneos;
				SWIFT_COMPILATION_MODE = wholemodule;
				SWIFT_OPTIMIZATION_LEVEL = "-O";
				VALIDATE_PRODUCT = YES;
			};
			name = Release;
		};
		50204AC729F2EB400066496B /* Debug */ = {
			isa = XCBuildConfiguration;
			buildSettings = {
				ASSETCATALOG_COMPILER_APPICON_NAME = AppIcon;
				ASSETCATALOG_COMPILER_GLOBAL_ACCENT_COLOR_NAME = AccentColor;
				CODE_SIGN_STYLE = Automatic;
				CURRENT_PROJECT_VERSION = 1;
				DEVELOPMENT_ASSET_PATHS = "\"Landmarks/Preview Content\"";
				DEVELOPMENT_TEAM = PT982DDMHZ;
				ENABLE_PREVIEWS = YES;
				GENERATE_INFOPLIST_FILE = YES;
				INFOPLIST_KEY_UIApplicationSceneManifest_Generation = YES;
				INFOPLIST_KEY_UIApplicationSupportsIndirectInputEvents = YES;
				INFOPLIST_KEY_UILaunchScreen_Generation = YES;
				INFOPLIST_KEY_UISupportedInterfaceOrientations_iPad = "UIInterfaceOrientationPortrait UIInterfaceOrientationPortraitUpsideDown UIInterfaceOrientationLandscapeLeft UIInterfaceOrientationLandscapeRight";
				INFOPLIST_KEY_UISupportedInterfaceOrientations_iPhone = "UIInterfaceOrientationPortrait UIInterfaceOrientationLandscapeLeft UIInterfaceOrientationLandscapeRight";
				LD_RUNPATH_SEARCH_PATHS = (
					"$(inherited)",
					"@executable_path/Frameworks",
				);
				MARKETING_VERSION = 1.0;
				PRODUCT_BUNDLE_IDENTIFIER = MPol.Landmarks;
				PRODUCT_NAME = "$(TARGET_NAME)";
				SWIFT_EMIT_LOC_STRINGS = YES;
				SWIFT_VERSION = 5.0;
				TARGETED_DEVICE_FAMILY = "1,2";
			};
			name = Debug;
		};
		50204AC829F2EB400066496B /* Release */ = {
			isa = XCBuildConfiguration;
			buildSettings = {
				ASSETCATALOG_COMPILER_APPICON_NAME = AppIcon;
				ASSETCATALOG_COMPILER_GLOBAL_ACCENT_COLOR_NAME = AccentColor;
				CODE_SIGN_STYLE = Automatic;
				CURRENT_PROJECT_VERSION = 1;
				DEVELOPMENT_ASSET_PATHS = "\"Landmarks/Preview Content\"";
				DEVELOPMENT_TEAM = PT982DDMHZ;
				ENABLE_PREVIEWS = YES;
				GENERATE_INFOPLIST_FILE = YES;
				INFOPLIST_KEY_UIApplicationSceneManifest_Generation = YES;
				INFOPLIST_KEY_UIApplicationSupportsIndirectInputEvents = YES;
				INFOPLIST_KEY_UILaunchScreen_Generation = YES;
				INFOPLIST_KEY_UISupportedInterfaceOrientations_iPad = "UIInterfaceOrientationPortrait UIInterfaceOrientationPortraitUpsideDown UIInterfaceOrientationLandscapeLeft UIInterfaceOrientationLandscapeRight";
				INFOPLIST_KEY_UISupportedInterfaceOrientations_iPhone = "UIInterfaceOrientationPortrait UIInterfaceOrientationLandscapeLeft UIInterfaceOrientationLandscapeRight";
				LD_RUNPATH_SEARCH_PATHS = (
					"$(inherited)",
					"@executable_path/Frameworks",
				);
				MARKETING_VERSION = 1.0;
				PRODUCT_BUNDLE_IDENTIFIER = MPol.Landmarks;
				PRODUCT_NAME = "$(TARGET_NAME)";
				SWIFT_EMIT_LOC_STRINGS = YES;
				SWIFT_VERSION = 5.0;
				TARGETED_DEVICE_FAMILY = "1,2";
			};
			name = Release;
		};
/* End XCBuildConfiguration section */

/* Begin XCConfigurationList section */
		50204AB329F2EB3E0066496B /* Build configuration list for PBXProject "Landmarks" */ = {
			isa = XCConfigurationList;
			buildConfigurations = (
				50204AC429F2EB400066496B /* Debug */,
				50204AC529F2EB400066496B /* Release */,
			);
			defaultConfigurationIsVisible = 0;
			defaultConfigurationName = Release;
		};
		50204AC629F2EB400066496B /* Build configuration list for PBXNativeTarget "Landmarks" */ = {
			isa = XCConfigurationList;
			buildConfigurations = (
				50204AC729F2EB400066496B /* Debug */,
				50204AC829F2EB400066496B /* Release */,
			);
			defaultConfigurationIsVisible = 0;
			defaultConfigurationName = Release;
		};
/* End XCConfigurationList section */
	};
	rootObject = 50204AB029F2EB3E0066496B /* Project object */;
}
