// !$*UTF8*$!
{
	archiveVersion = 1;
	classes = {
	};
	objectVersion = 56;
	objects = {

/* Begin PBXBuildFile section */
		50204ABC29F2EB3E0066496B /* LandmarksApp.swift in Sources */ = {isa = PBXBuildFile; fileRef = 50204ABB29F2EB3E0066496B /* LandmarksApp.swift */; };
		50204ABE29F2EB3E0066496B /* ContentView.swift in Sources */ = {isa = PBXBuildFile; fileRef = 50204ABD29F2EB3E0066496B /* ContentView.swift */; };
		50204AC029F2EB400066496B /* Assets.xcassets in Resources */ = {isa = PBXBuildFile; fileRef = 50204ABF29F2EB400066496B /* Assets.xcassets */; };
		50204AC329F2EB400066496B /* Preview Assets.xcassets in Resources */ = {isa = PBXBuildFile; fileRef = 50204AC229F2EB400066496B /* Preview Assets.xcassets */; };
		50204ACA29F2F2110066496B /* CircleImage.swift in Sources */ = {isa = PBXBuildFile; fileRef = 50204AC929F2F2110066496B /* CircleImage.swift */; };
		50204ACC29F2F3C10066496B /* MapView.swift in Sources */ = {isa = PBXBuildFile; fileRef = 50204ACB29F2F3C10066496B /* MapView.swift */; };
		505CC42529F7540300E41ADA /*  LandmarkList.swift in Sources */ = {isa = PBXBuildFile; fileRef = 505CC42429F7540300E41ADA /*  LandmarkList.swift */; };
		505CC42729F75EE000E41ADA /* LandmarkCommands.swift in Sources */ = {isa = PBXBuildFile; fileRef = 505CC42629F75EE000E41ADA /* LandmarkCommands.swift */; };
		505CC42829F75EE000E41ADA /* LandmarkCommands.swift in Sources */ = {isa = PBXBuildFile; fileRef = 505CC42629F75EE000E41ADA /* LandmarkCommands.swift */; };
		505CC42A29F768A200E41ADA /* LandmarkSettings.swift in Sources */ = {isa = PBXBuildFile; fileRef = 505CC42929F768A200E41ADA /* LandmarkSettings.swift */; };
		505F37AE29F70FC500164837 /* ContentView.swift in Sources */ = {isa = PBXBuildFile; fileRef = 505F37AD29F70FC500164837 /* ContentView.swift */; };
		505F37B029F70FC600164837 /* Assets.xcassets in Resources */ = {isa = PBXBuildFile; fileRef = 505F37AF29F70FC600164837 /* Assets.xcassets */; };
		505F37B329F70FC700164837 /* Preview Assets.xcassets in Resources */ = {isa = PBXBuildFile; fileRef = 505F37B229F70FC700164837 /* Preview Assets.xcassets */; };
		505F37C529F715F000164837 /* LandmarksApp.swift in Sources */ = {isa = PBXBuildFile; fileRef = 50204ABB29F2EB3E0066496B /* LandmarksApp.swift */; };
		505F37C629F715F700164837 /* LandmarkRow.swift in Sources */ = {isa = PBXBuildFile; fileRef = 506DAECA29F48E62001B0D12 /* LandmarkRow.swift */; };
		505F37C729F715FA00164837 /* LandmarkList.swift in Sources */ = {isa = PBXBuildFile; fileRef = 506DAECC29F49B9C001B0D12 /* LandmarkList.swift */; };
		505F37C829F715FF00164837 /* CircleImage.swift in Sources */ = {isa = PBXBuildFile; fileRef = 50204AC929F2F2110066496B /* CircleImage.swift */; };
		505F37C929F7160200164837 /* MapView.swift in Sources */ = {isa = PBXBuildFile; fileRef = 50204ACB29F2F3C10066496B /* MapView.swift */; };
		505F37CA29F7160600164837 /* FavoriteButton.swift in Sources */ = {isa = PBXBuildFile; fileRef = 506DAED029F4BF98001B0D12 /* FavoriteButton.swift */; };
		505F37CB29F7161200164837 /* Landmark.swift in Sources */ = {isa = PBXBuildFile; fileRef = 506DAEC329F48986001B0D12 /* Landmark.swift */; };
		505F37CC29F7161700164837 /* Hike.swift in Sources */ = {isa = PBXBuildFile; fileRef = 508A114C29F56D7200AC097C /* Hike.swift */; };
		505F37CD29F7161B00164837 /* ModelData.swift in Sources */ = {isa = PBXBuildFile; fileRef = 506DAEC529F48C4C001B0D12 /* ModelData.swift */; };
		505F37CE29F7161F00164837 /* Profile.swift in Sources */ = {isa = PBXBuildFile; fileRef = 508A115E29F57E2A00AC097C /* Profile.swift */; };
		505F37CF29F7162400164837 /* hikeData.json in Resources */ = {isa = PBXBuildFile; fileRef = 508A114A29F56D3000AC097C /* hikeData.json */; };
		505F37D029F7162800164837 /* landmarkData.json in Resources */ = {isa = PBXBuildFile; fileRef = 506DAEC129F48945001B0D12 /* landmarkData.json */; };
		505F37D129F7163300164837 /* Assets.xcassets in Resources */ = {isa = PBXBuildFile; fileRef = 50204ABF29F2EB400066496B /* Assets.xcassets */; };
		505F37D329F7191B00164837 /* LandmarkDetail.swift in Sources */ = {isa = PBXBuildFile; fileRef = 505F37D229F7191B00164837 /* LandmarkDetail.swift */; };
		506DAEC229F48945001B0D12 /* landmarkData.json in Resources */ = {isa = PBXBuildFile; fileRef = 506DAEC129F48945001B0D12 /* landmarkData.json */; };
		506DAEC429F48986001B0D12 /* Landmark.swift in Sources */ = {isa = PBXBuildFile; fileRef = 506DAEC329F48986001B0D12 /* Landmark.swift */; };
		506DAEC629F48C4C001B0D12 /* ModelData.swift in Sources */ = {isa = PBXBuildFile; fileRef = 506DAEC529F48C4C001B0D12 /* ModelData.swift */; };
		506DAECB29F48E62001B0D12 /* LandmarkRow.swift in Sources */ = {isa = PBXBuildFile; fileRef = 506DAECA29F48E62001B0D12 /* LandmarkRow.swift */; };
		506DAECD29F49B9C001B0D12 /* LandmarkList.swift in Sources */ = {isa = PBXBuildFile; fileRef = 506DAECC29F49B9C001B0D12 /* LandmarkList.swift */; };
		506DAECF29F4A26C001B0D12 /* LandmarkDetail.swift in Sources */ = {isa = PBXBuildFile; fileRef = 506DAECE29F4A26C001B0D12 /* LandmarkDetail.swift */; };
		506DAED129F4BF98001B0D12 /* FavoriteButton.swift in Sources */ = {isa = PBXBuildFile; fileRef = 506DAED029F4BF98001B0D12 /* FavoriteButton.swift */; };
		508A114029F5623300AC097C /* HexagonParameters.swift in Sources */ = {isa = PBXBuildFile; fileRef = 508A113F29F5623300AC097C /* HexagonParameters.swift */; };
		508A114229F563D800AC097C /* BadgeBackground.swift in Sources */ = {isa = PBXBuildFile; fileRef = 508A114129F563D800AC097C /* BadgeBackground.swift */; };
		508A114429F5697700AC097C /* BadgeSymbol.swift in Sources */ = {isa = PBXBuildFile; fileRef = 508A114329F5697700AC097C /* BadgeSymbol.swift */; };
		508A114629F56A5E00AC097C /* RotatedBadgeSymbol.swift in Sources */ = {isa = PBXBuildFile; fileRef = 508A114529F56A5E00AC097C /* RotatedBadgeSymbol.swift */; };
		508A114829F56ACF00AC097C /* Badge.swift in Sources */ = {isa = PBXBuildFile; fileRef = 508A114729F56ACF00AC097C /* Badge.swift */; };
		508A114B29F56D3000AC097C /* hikeData.json in Resources */ = {isa = PBXBuildFile; fileRef = 508A114A29F56D3000AC097C /* hikeData.json */; };
		508A114D29F56D7200AC097C /* Hike.swift in Sources */ = {isa = PBXBuildFile; fileRef = 508A114C29F56D7200AC097C /* Hike.swift */; };
		508A115329F56E0600AC097C /* GraphCapsule.swift in Sources */ = {isa = PBXBuildFile; fileRef = 508A114F29F56E0600AC097C /* GraphCapsule.swift */; };
		508A115429F56E0600AC097C /* HikeGraph.swift in Sources */ = {isa = PBXBuildFile; fileRef = 508A115029F56E0600AC097C /* HikeGraph.swift */; };
		508A115529F56E0600AC097C /* HikeDetail.swift in Sources */ = {isa = PBXBuildFile; fileRef = 508A115129F56E0600AC097C /* HikeDetail.swift */; };
		508A115629F56E0600AC097C /* HikeView.swift in Sources */ = {isa = PBXBuildFile; fileRef = 508A115229F56E0600AC097C /* HikeView.swift */; };
		508A115829F5744800AC097C /* CategoryHome.swift in Sources */ = {isa = PBXBuildFile; fileRef = 508A115729F5744800AC097C /* CategoryHome.swift */; };
		508A115B29F5766300AC097C /* CategoryRow.swift in Sources */ = {isa = PBXBuildFile; fileRef = 508A115A29F5766300AC097C /* CategoryRow.swift */; };
		508A115D29F5783B00AC097C /* CategoryItem.swift in Sources */ = {isa = PBXBuildFile; fileRef = 508A115C29F5783B00AC097C /* CategoryItem.swift */; };
		508A115F29F57E2A00AC097C /* Profile.swift in Sources */ = {isa = PBXBuildFile; fileRef = 508A115E29F57E2A00AC097C /* Profile.swift */; };
		508A116229F57EB400AC097C /* ProfileHost.swift in Sources */ = {isa = PBXBuildFile; fileRef = 508A116129F57EB400AC097C /* ProfileHost.swift */; };
		508A116429F57F4500AC097C /* ProfileSummary.swift in Sources */ = {isa = PBXBuildFile; fileRef = 508A116329F57F4500AC097C /* ProfileSummary.swift */; };
		508A116629F57FC000AC097C /* HikeBadge.swift in Sources */ = {isa = PBXBuildFile; fileRef = 508A116529F57FC000AC097C /* HikeBadge.swift */; };
		50CF2F1C29F6B75D00289CBB /* ProfileEditor.swift in Sources */ = {isa = PBXBuildFile; fileRef = 50CF2F1B29F6B75D00289CBB /* ProfileEditor.swift */; };
		50CF2F1F29F6BB4000289CBB /* PageViewController.swift in Sources */ = {isa = PBXBuildFile; fileRef = 50CF2F1E29F6BB4000289CBB /* PageViewController.swift */; };
		50CF2F2129F6BD0600289CBB /* FeatureCard.swift in Sources */ = {isa = PBXBuildFile; fileRef = 50CF2F2029F6BD0600289CBB /* FeatureCard.swift */; };
		50CF2F2329F6BDF100289CBB /* PageView.swift in Sources */ = {isa = PBXBuildFile; fileRef = 50CF2F2229F6BDF100289CBB /* PageView.swift */; };
		50CF2F2529F6C2CB00289CBB /* PageControl.swift in Sources */ = {isa = PBXBuildFile; fileRef = 50CF2F2429F6C2CB00289CBB /* PageControl.swift */; };
		50CF2FC729F6D71B00289CBB /* ContentView.swift in Sources */ = {isa = PBXBuildFile; fileRef = 50CF2FC629F6D71B00289CBB /* ContentView.swift */; };
		50CF2FC929F6D71C00289CBB /* Assets.xcassets in Resources */ = {isa = PBXBuildFile; fileRef = 50CF2FC829F6D71C00289CBB /* Assets.xcassets */; };
		50CF2FCC29F6D71C00289CBB /* Preview Assets.xcassets in Resources */ = {isa = PBXBuildFile; fileRef = 50CF2FCB29F6D71C00289CBB /* Preview Assets.xcassets */; };
		50CF2FD029F6D88D00289CBB /* LandmarkRow.swift in Sources */ = {isa = PBXBuildFile; fileRef = 506DAECA29F48E62001B0D12 /* LandmarkRow.swift */; };
		50CF2FD129F6D88D00289CBB /* Landmark.swift in Sources */ = {isa = PBXBuildFile; fileRef = 506DAEC329F48986001B0D12 /* Landmark.swift */; };
		50CF2FD229F6D88D00289CBB /* CircleImage.swift in Sources */ = {isa = PBXBuildFile; fileRef = 50204AC929F2F2110066496B /* CircleImage.swift */; };
		50CF2FD329F6D88D00289CBB /* Profile.swift in Sources */ = {isa = PBXBuildFile; fileRef = 508A115E29F57E2A00AC097C /* Profile.swift */; };
		50CF2FD529F6D88D00289CBB /* hikeData.json in Resources */ = {isa = PBXBuildFile; fileRef = 508A114A29F56D3000AC097C /* hikeData.json */; };
		50CF2FD629F6D88D00289CBB /* landmarkData.json in Resources */ = {isa = PBXBuildFile; fileRef = 506DAEC129F48945001B0D12 /* landmarkData.json */; };
		50CF2FD729F6D88D00289CBB /* ModelData.swift in Sources */ = {isa = PBXBuildFile; fileRef = 506DAEC529F48C4C001B0D12 /* ModelData.swift */; };
		50CF2FD829F6D88D00289CBB /* LandmarksApp.swift in Sources */ = {isa = PBXBuildFile; fileRef = 50204ABB29F2EB3E0066496B /* LandmarksApp.swift */; };
		50CF2FD929F6D88D00289CBB /* MapView.swift in Sources */ = {isa = PBXBuildFile; fileRef = 50204ACB29F2F3C10066496B /* MapView.swift */; };
		50CF2FDA29F6D88D00289CBB /* Hike.swift in Sources */ = {isa = PBXBuildFile; fileRef = 508A114C29F56D7200AC097C /* Hike.swift */; };
		50CF2FDB29F6D88D00289CBB /* Assets.xcassets in Resources */ = {isa = PBXBuildFile; fileRef = 50204ABF29F2EB400066496B /* Assets.xcassets */; };
		50CF2FDD29F6D9B800289CBB /* LandmarkDetail.swift in Sources */ = {isa = PBXBuildFile; fileRef = 50CF2FDC29F6D9B800289CBB /* LandmarkDetail.swift */; };
		50CF2FDF29F6E18B00289CBB /* NotificationView.swift in Sources */ = {isa = PBXBuildFile; fileRef = 50CF2FDE29F6E18B00289CBB /* NotificationView.swift */; };
		50CF2FE129F6E2A000289CBB /* NotificationController.swift in Sources */ = {isa = PBXBuildFile; fileRef = 50CF2FE029F6E2A000289CBB /* NotificationController.swift */; };
/* End PBXBuildFile section */

/* Begin PBXFileReference section */
		50204AB829F2EB3E0066496B /* Landmarks.app */ = {isa = PBXFileReference; explicitFileType = wrapper.application; includeInIndex = 0; path = Landmarks.app; sourceTree = BUILT_PRODUCTS_DIR; };
		50204ABB29F2EB3E0066496B /* LandmarksApp.swift */ = {isa = PBXFileReference; lastKnownFileType = sourcecode.swift; path = LandmarksApp.swift; sourceTree = "<group>"; };
		50204ABD29F2EB3E0066496B /* ContentView.swift */ = {isa = PBXFileReference; lastKnownFileType = sourcecode.swift; path = ContentView.swift; sourceTree = "<group>"; };
		50204ABF29F2EB400066496B /* Assets.xcassets */ = {isa = PBXFileReference; lastKnownFileType = folder.assetcatalog; path = Assets.xcassets; sourceTree = "<group>"; };
		50204AC229F2EB400066496B /* Preview Assets.xcassets */ = {isa = PBXFileReference; lastKnownFileType = folder.assetcatalog; path = "Preview Assets.xcassets"; sourceTree = "<group>"; };
		50204AC929F2F2110066496B /* CircleImage.swift */ = {isa = PBXFileReference; lastKnownFileType = sourcecode.swift; path = CircleImage.swift; sourceTree = "<group>"; };
		50204ACB29F2F3C10066496B /* MapView.swift */ = {isa = PBXFileReference; lastKnownFileType = sourcecode.swift; path = MapView.swift; sourceTree = "<group>"; };
		505CC42429F7540300E41ADA /*  LandmarkList.swift */ = {isa = PBXFileReference; lastKnownFileType = sourcecode.swift; path = " LandmarkList.swift"; sourceTree = "<group>"; };
		505CC42629F75EE000E41ADA /* LandmarkCommands.swift */ = {isa = PBXFileReference; lastKnownFileType = sourcecode.swift; path = LandmarkCommands.swift; sourceTree = "<group>"; };
		505CC42929F768A200E41ADA /* LandmarkSettings.swift */ = {isa = PBXFileReference; lastKnownFileType = sourcecode.swift; path = LandmarkSettings.swift; sourceTree = "<group>"; };
		505F37A929F70FC400164837 /* MacOSLandmarks.app */ = {isa = PBXFileReference; explicitFileType = wrapper.application; includeInIndex = 0; path = MacOSLandmarks.app; sourceTree = BUILT_PRODUCTS_DIR; };
		505F37AD29F70FC500164837 /* ContentView.swift */ = {isa = PBXFileReference; lastKnownFileType = sourcecode.swift; path = ContentView.swift; sourceTree = "<group>"; };
		505F37AF29F70FC600164837 /* Assets.xcassets */ = {isa = PBXFileReference; lastKnownFileType = folder.assetcatalog; path = Assets.xcassets; sourceTree = "<group>"; };
		505F37B229F70FC700164837 /* Preview Assets.xcassets */ = {isa = PBXFileReference; lastKnownFileType = folder.assetcatalog; path = "Preview Assets.xcassets"; sourceTree = "<group>"; };
		505F37B429F70FC700164837 /* MacOSLandmarks.entitlements */ = {isa = PBXFileReference; lastKnownFileType = text.plist.entitlements; path = MacOSLandmarks.entitlements; sourceTree = "<group>"; };
		505F37D229F7191B00164837 /* LandmarkDetail.swift */ = {isa = PBXFileReference; lastKnownFileType = sourcecode.swift; path = LandmarkDetail.swift; sourceTree = "<group>"; };
		506DAEC129F48945001B0D12 /* landmarkData.json */ = {isa = PBXFileReference; fileEncoding = 4; lastKnownFileType = text.json; path = landmarkData.json; sourceTree = "<group>"; };
		506DAEC329F48986001B0D12 /* Landmark.swift */ = {isa = PBXFileReference; lastKnownFileType = sourcecode.swift; path = Landmark.swift; sourceTree = "<group>"; };
		506DAEC529F48C4C001B0D12 /* ModelData.swift */ = {isa = PBXFileReference; lastKnownFileType = sourcecode.swift; path = ModelData.swift; sourceTree = "<group>"; };
		506DAECA29F48E62001B0D12 /* LandmarkRow.swift */ = {isa = PBXFileReference; lastKnownFileType = sourcecode.swift; path = LandmarkRow.swift; sourceTree = "<group>"; };
		506DAECC29F49B9C001B0D12 /* LandmarkList.swift */ = {isa = PBXFileReference; lastKnownFileType = sourcecode.swift; path = LandmarkList.swift; sourceTree = "<group>"; };
		506DAECE29F4A26C001B0D12 /* LandmarkDetail.swift */ = {isa = PBXFileReference; lastKnownFileType = sourcecode.swift; path = LandmarkDetail.swift; sourceTree = "<group>"; };
		506DAED029F4BF98001B0D12 /* FavoriteButton.swift */ = {isa = PBXFileReference; lastKnownFileType = sourcecode.swift; path = FavoriteButton.swift; sourceTree = "<group>"; };
		508A113F29F5623300AC097C /* HexagonParameters.swift */ = {isa = PBXFileReference; lastKnownFileType = sourcecode.swift; path = HexagonParameters.swift; sourceTree = "<group>"; };
		508A114129F563D800AC097C /* BadgeBackground.swift */ = {isa = PBXFileReference; lastKnownFileType = sourcecode.swift; path = BadgeBackground.swift; sourceTree = "<group>"; };
		508A114329F5697700AC097C /* BadgeSymbol.swift */ = {isa = PBXFileReference; lastKnownFileType = sourcecode.swift; path = BadgeSymbol.swift; sourceTree = "<group>"; };
		508A114529F56A5E00AC097C /* RotatedBadgeSymbol.swift */ = {isa = PBXFileReference; lastKnownFileType = sourcecode.swift; path = RotatedBadgeSymbol.swift; sourceTree = "<group>"; };
		508A114729F56ACF00AC097C /* Badge.swift */ = {isa = PBXFileReference; lastKnownFileType = sourcecode.swift; path = Badge.swift; sourceTree = "<group>"; };
		508A114A29F56D3000AC097C /* hikeData.json */ = {isa = PBXFileReference; fileEncoding = 4; lastKnownFileType = text.json; path = hikeData.json; sourceTree = "<group>"; };
		508A114C29F56D7200AC097C /* Hike.swift */ = {isa = PBXFileReference; lastKnownFileType = sourcecode.swift; path = Hike.swift; sourceTree = "<group>"; };
		508A114F29F56E0600AC097C /* GraphCapsule.swift */ = {isa = PBXFileReference; fileEncoding = 4; lastKnownFileType = sourcecode.swift; path = GraphCapsule.swift; sourceTree = "<group>"; };
		508A115029F56E0600AC097C /* HikeGraph.swift */ = {isa = PBXFileReference; fileEncoding = 4; lastKnownFileType = sourcecode.swift; path = HikeGraph.swift; sourceTree = "<group>"; };
		508A115129F56E0600AC097C /* HikeDetail.swift */ = {isa = PBXFileReference; fileEncoding = 4; lastKnownFileType = sourcecode.swift; path = HikeDetail.swift; sourceTree = "<group>"; };
		508A115229F56E0600AC097C /* HikeView.swift */ = {isa = PBXFileReference; fileEncoding = 4; lastKnownFileType = sourcecode.swift; path = HikeView.swift; sourceTree = "<group>"; };
		508A115729F5744800AC097C /* CategoryHome.swift */ = {isa = PBXFileReference; lastKnownFileType = sourcecode.swift; path = CategoryHome.swift; sourceTree = "<group>"; };
		508A115A29F5766300AC097C /* CategoryRow.swift */ = {isa = PBXFileReference; lastKnownFileType = sourcecode.swift; path = CategoryRow.swift; sourceTree = "<group>"; };
		508A115C29F5783B00AC097C /* CategoryItem.swift */ = {isa = PBXFileReference; lastKnownFileType = sourcecode.swift; path = CategoryItem.swift; sourceTree = "<group>"; };
		508A115E29F57E2A00AC097C /* Profile.swift */ = {isa = PBXFileReference; lastKnownFileType = sourcecode.swift; path = Profile.swift; sourceTree = "<group>"; };
		508A116129F57EB400AC097C /* ProfileHost.swift */ = {isa = PBXFileReference; lastKnownFileType = sourcecode.swift; path = ProfileHost.swift; sourceTree = "<group>"; };
		508A116329F57F4500AC097C /* ProfileSummary.swift */ = {isa = PBXFileReference; lastKnownFileType = sourcecode.swift; path = ProfileSummary.swift; sourceTree = "<group>"; };
		508A116529F57FC000AC097C /* HikeBadge.swift */ = {isa = PBXFileReference; lastKnownFileType = sourcecode.swift; path = HikeBadge.swift; sourceTree = "<group>"; };
		50CF2F1B29F6B75D00289CBB /* ProfileEditor.swift */ = {isa = PBXFileReference; lastKnownFileType = sourcecode.swift; path = ProfileEditor.swift; sourceTree = "<group>"; };
		50CF2F1E29F6BB4000289CBB /* PageViewController.swift */ = {isa = PBXFileReference; lastKnownFileType = sourcecode.swift; path = PageViewController.swift; sourceTree = "<group>"; };
		50CF2F2029F6BD0600289CBB /* FeatureCard.swift */ = {isa = PBXFileReference; lastKnownFileType = sourcecode.swift; path = FeatureCard.swift; sourceTree = "<group>"; };
		50CF2F2229F6BDF100289CBB /* PageView.swift */ = {isa = PBXFileReference; lastKnownFileType = sourcecode.swift; path = PageView.swift; sourceTree = "<group>"; };
		50CF2F2429F6C2CB00289CBB /* PageControl.swift */ = {isa = PBXFileReference; lastKnownFileType = sourcecode.swift; path = PageControl.swift; sourceTree = "<group>"; };
		50CF2FC229F6D71B00289CBB /* WatchLandmarks Watch App.app */ = {isa = PBXFileReference; explicitFileType = wrapper.application; includeInIndex = 0; path = "WatchLandmarks Watch App.app"; sourceTree = BUILT_PRODUCTS_DIR; };
		50CF2FC629F6D71B00289CBB /* ContentView.swift */ = {isa = PBXFileReference; lastKnownFileType = sourcecode.swift; path = ContentView.swift; sourceTree = "<group>"; };
		50CF2FC829F6D71C00289CBB /* Assets.xcassets */ = {isa = PBXFileReference; lastKnownFileType = folder.assetcatalog; path = Assets.xcassets; sourceTree = "<group>"; };
		50CF2FCB29F6D71C00289CBB /* Preview Assets.xcassets */ = {isa = PBXFileReference; lastKnownFileType = folder.assetcatalog; path = "Preview Assets.xcassets"; sourceTree = "<group>"; };
		50CF2FDC29F6D9B800289CBB /* LandmarkDetail.swift */ = {isa = PBXFileReference; lastKnownFileType = sourcecode.swift; path = LandmarkDetail.swift; sourceTree = "<group>"; };
		50CF2FDE29F6E18B00289CBB /* NotificationView.swift */ = {isa = PBXFileReference; lastKnownFileType = sourcecode.swift; path = NotificationView.swift; sourceTree = "<group>"; };
		50CF2FE029F6E2A000289CBB /* NotificationController.swift */ = {isa = PBXFileReference; lastKnownFileType = sourcecode.swift; path = NotificationController.swift; sourceTree = "<group>"; };
/* End PBXFileReference section */

/* Begin PBXFrameworksBuildPhase section */
		50204AB529F2EB3E0066496B /* Frameworks */ = {
			isa = PBXFrameworksBuildPhase;
			buildActionMask = 2147483647;
			files = (
			);
			runOnlyForDeploymentPostprocessing = 0;
		};
		505F37A629F70FC400164837 /* Frameworks */ = {
			isa = PBXFrameworksBuildPhase;
			buildActionMask = 2147483647;
			files = (
			);
			runOnlyForDeploymentPostprocessing = 0;
		};
		50CF2FBF29F6D71B00289CBB /* Frameworks */ = {
			isa = PBXFrameworksBuildPhase;
			buildActionMask = 2147483647;
			files = (
			);
			runOnlyForDeploymentPostprocessing = 0;
		};
/* End PBXFrameworksBuildPhase section */

/* Begin PBXGroup section */
		50204AAF29F2EB3E0066496B = {
			isa = PBXGroup;
			children = (
				50204ABA29F2EB3E0066496B /* Landmarks */,
				50CF2FC329F6D71B00289CBB /* WatchLandmarks Watch App */,
				505F37AA29F70FC500164837 /* MacOSLandmarks */,
				50204AB929F2EB3E0066496B /* Products */,
			);
			sourceTree = "<group>";
		};
		50204AB929F2EB3E0066496B /* Products */ = {
			isa = PBXGroup;
			children = (
				50204AB829F2EB3E0066496B /* Landmarks.app */,
				50CF2FC229F6D71B00289CBB /* WatchLandmarks Watch App.app */,
				505F37A929F70FC400164837 /* MacOSLandmarks.app */,
			);
			name = Products;
			sourceTree = "<group>";
		};
		50204ABA29F2EB3E0066496B /* Landmarks */ = {
			isa = PBXGroup;
			children = (
				50204ABB29F2EB3E0066496B /* LandmarksApp.swift */,
				506DAEC729F48D4F001B0D12 /* Views */,
				508A116029F57E9400AC097C /* Profiles */,
				506DAEC829F48D8F001B0D12 /* Model */,
				506DAEC929F48DCA001B0D12 /* Resources */,
				50204ABF29F2EB400066496B /* Assets.xcassets */,
				50204AC129F2EB400066496B /* Preview Content */,
			);
			path = Landmarks;
			sourceTree = "<group>";
		};
		50204AC129F2EB400066496B /* Preview Content */ = {
			isa = PBXGroup;
			children = (
				50204AC229F2EB400066496B /* Preview Assets.xcassets */,
			);
			path = "Preview Content";
			sourceTree = "<group>";
		};
		505F37AA29F70FC500164837 /* MacOSLandmarks */ = {
			isa = PBXGroup;
			children = (
				505F37D229F7191B00164837 /* LandmarkDetail.swift */,
				505CC42929F768A200E41ADA /* LandmarkSettings.swift */,
				505F37AD29F70FC500164837 /* ContentView.swift */,
				505CC42629F75EE000E41ADA /* LandmarkCommands.swift */,
				505F37AF29F70FC600164837 /* Assets.xcassets */,
				505F37B429F70FC700164837 /* MacOSLandmarks.entitlements */,
				505F37B129F70FC700164837 /* Preview Content */,
			);
			path = MacOSLandmarks;
			sourceTree = "<group>";
		};
		505F37B129F70FC700164837 /* Preview Content */ = {
			isa = PBXGroup;
			children = (
				505F37B229F70FC700164837 /* Preview Assets.xcassets */,
			);
			path = "Preview Content";
			sourceTree = "<group>";
		};
		506DAEC729F48D4F001B0D12 /* Views */ = {
			isa = PBXGroup;
			children = (
				50204ABD29F2EB3E0066496B /* ContentView.swift */,
				50CF2F1D29F6BB0300289CBB /* PageView */,
				508A115929F5745700AC097C /* Categories */,
				508A114E29F56E0600AC097C /* Hikes */,
				506DAED329F4C0CE001B0D12 /* Landmarks */,
				508A114929F56C1000AC097C /* Badges */,
				506DAED229F4C08A001B0D12 /* Helpers */,
			);
			path = Views;
			sourceTree = "<group>";
		};
		506DAEC829F48D8F001B0D12 /* Model */ = {
			isa = PBXGroup;
			children = (
				506DAEC329F48986001B0D12 /* Landmark.swift */,
				508A114C29F56D7200AC097C /* Hike.swift */,
				506DAEC529F48C4C001B0D12 /* ModelData.swift */,
				508A115E29F57E2A00AC097C /* Profile.swift */,
			);
			path = Model;
			sourceTree = "<group>";
		};
		506DAEC929F48DCA001B0D12 /* Resources */ = {
			isa = PBXGroup;
			children = (
				508A114A29F56D3000AC097C /* hikeData.json */,
				506DAEC129F48945001B0D12 /* landmarkData.json */,
			);
			path = Resources;
			sourceTree = "<group>";
		};
		506DAED229F4C08A001B0D12 /* Helpers */ = {
			isa = PBXGroup;
			children = (
				50204AC929F2F2110066496B /* CircleImage.swift */,
				50204ACB29F2F3C10066496B /* MapView.swift */,
				506DAED029F4BF98001B0D12 /* FavoriteButton.swift */,
			);
			path = Helpers;
			sourceTree = "<group>";
		};
		506DAED329F4C0CE001B0D12 /* Landmarks */ = {
			isa = PBXGroup;
			children = (
				506DAECA29F48E62001B0D12 /* LandmarkRow.swift */,
				506DAECC29F49B9C001B0D12 /* LandmarkList.swift */,
				506DAECE29F4A26C001B0D12 /* LandmarkDetail.swift */,
			);
			path = Landmarks;
			sourceTree = "<group>";
		};
		508A114929F56C1000AC097C /* Badges */ = {
			isa = PBXGroup;
			children = (
				508A113F29F5623300AC097C /* HexagonParameters.swift */,
				508A114129F563D800AC097C /* BadgeBackground.swift */,
				508A114329F5697700AC097C /* BadgeSymbol.swift */,
				508A114529F56A5E00AC097C /* RotatedBadgeSymbol.swift */,
				508A114729F56ACF00AC097C /* Badge.swift */,
			);
			path = Badges;
			sourceTree = "<group>";
		};
		508A114E29F56E0600AC097C /* Hikes */ = {
			isa = PBXGroup;
			children = (
				508A114F29F56E0600AC097C /* GraphCapsule.swift */,
				508A115029F56E0600AC097C /* HikeGraph.swift */,
				508A115129F56E0600AC097C /* HikeDetail.swift */,
				508A115229F56E0600AC097C /* HikeView.swift */,
				508A116529F57FC000AC097C /* HikeBadge.swift */,
			);
			path = Hikes;
			sourceTree = "<group>";
		};
		508A115929F5745700AC097C /* Categories */ = {
			isa = PBXGroup;
			children = (
				508A115729F5744800AC097C /* CategoryHome.swift */,
				508A115A29F5766300AC097C /* CategoryRow.swift */,
				508A115C29F5783B00AC097C /* CategoryItem.swift */,
			);
			path = Categories;
			sourceTree = "<group>";
		};
		508A116029F57E9400AC097C /* Profiles */ = {
			isa = PBXGroup;
			children = (
				508A116129F57EB400AC097C /* ProfileHost.swift */,
				50CF2F1B29F6B75D00289CBB /* ProfileEditor.swift */,
				508A116329F57F4500AC097C /* ProfileSummary.swift */,
			);
			path = Profiles;
			sourceTree = "<group>";
		};
		50CF2F1D29F6BB0300289CBB /* PageView */ = {
			isa = PBXGroup;
			children = (
				50CF2F1E29F6BB4000289CBB /* PageViewController.swift */,
				50CF2F2029F6BD0600289CBB /* FeatureCard.swift */,
				50CF2F2229F6BDF100289CBB /* PageView.swift */,
				50CF2F2429F6C2CB00289CBB /* PageControl.swift */,
			);
			path = PageView;
			sourceTree = "<group>";
		};
		50CF2FC329F6D71B00289CBB /* WatchLandmarks Watch App */ = {
			isa = PBXGroup;
			children = (
				50CF2FC629F6D71B00289CBB /* ContentView.swift */,
				505CC42429F7540300E41ADA /*  LandmarkList.swift */,
				50CF2FDC29F6D9B800289CBB /* LandmarkDetail.swift */,
				50CF2FE029F6E2A000289CBB /* NotificationController.swift */,
				50CF2FDE29F6E18B00289CBB /* NotificationView.swift */,
				50CF2FC829F6D71C00289CBB /* Assets.xcassets */,
				50CF2FCA29F6D71C00289CBB /* Preview Content */,
			);
			path = "WatchLandmarks Watch App";
			sourceTree = "<group>";
		};
		50CF2FCA29F6D71C00289CBB /* Preview Content */ = {
			isa = PBXGroup;
			children = (
				50CF2FCB29F6D71C00289CBB /* Preview Assets.xcassets */,
			);
			path = "Preview Content";
			sourceTree = "<group>";
		};
/* End PBXGroup section */

/* Begin PBXNativeTarget section */
		50204AB729F2EB3E0066496B /* Landmarks */ = {
			isa = PBXNativeTarget;
			buildConfigurationList = 50204AC629F2EB400066496B /* Build configuration list for PBXNativeTarget "Landmarks" */;
			buildPhases = (
				50204AB429F2EB3E0066496B /* Sources */,
				50204AB529F2EB3E0066496B /* Frameworks */,
				50204AB629F2EB3E0066496B /* Resources */,
			);
			buildRules = (
			);
			dependencies = (
			);
			name = Landmarks;
			productName = Landmarks;
			productReference = 50204AB829F2EB3E0066496B /* Landmarks.app */;
			productType = "com.apple.product-type.application";
		};
		505F37A829F70FC400164837 /* MacOSLandmarks */ = {
			isa = PBXNativeTarget;
			buildConfigurationList = 505F37B729F70FC700164837 /* Build configuration list for PBXNativeTarget "MacOSLandmarks" */;
			buildPhases = (
				505F37A529F70FC400164837 /* Sources */,
				505F37A629F70FC400164837 /* Frameworks */,
				505F37A729F70FC400164837 /* Resources */,
			);
			buildRules = (
			);
			dependencies = (
			);
			name = MacOSLandmarks;
			productName = MacOSLandmarks;
			productReference = 505F37A929F70FC400164837 /* MacOSLandmarks.app */;
			productType = "com.apple.product-type.application";
		};
		50CF2FC129F6D71B00289CBB /* WatchLandmarks Watch App */ = {
			isa = PBXNativeTarget;
			buildConfigurationList = 50CF2FCF29F6D71C00289CBB /* Build configuration list for PBXNativeTarget "WatchLandmarks Watch App" */;
			buildPhases = (
				50CF2FBE29F6D71B00289CBB /* Sources */,
				50CF2FBF29F6D71B00289CBB /* Frameworks */,
				50CF2FC029F6D71B00289CBB /* Resources */,
			);
			buildRules = (
			);
			dependencies = (
			);
			name = "WatchLandmarks Watch App";
			productName = "WatchLandmarks Watch App";
			productReference = 50CF2FC229F6D71B00289CBB /* WatchLandmarks Watch App.app */;
			productType = "com.apple.product-type.application";
		};
/* End PBXNativeTarget section */

/* Begin PBXProject section */
		50204AB029F2EB3E0066496B /* Project object */ = {
			isa = PBXProject;
			attributes = {
				BuildIndependentTargetsInParallel = 1;
				LastSwiftUpdateCheck = 1420;
				LastUpgradeCheck = 1420;
				TargetAttributes = {
					50204AB729F2EB3E0066496B = {
						CreatedOnToolsVersion = 14.2;
					};
					505F37A829F70FC400164837 = {
						CreatedOnToolsVersion = 14.2;
					};
					50CF2FC129F6D71B00289CBB = {
						CreatedOnToolsVersion = 14.2;
					};
				};
			};
			buildConfigurationList = 50204AB329F2EB3E0066496B /* Build configuration list for PBXProject "Landmarks" */;
			compatibilityVersion = "Xcode 14.0";
			developmentRegion = en;
			hasScannedForEncodings = 0;
			knownRegions = (
				en,
				Base,
			);
			mainGroup = 50204AAF29F2EB3E0066496B;
			productRefGroup = 50204AB929F2EB3E0066496B /* Products */;
			projectDirPath = "";
			projectRoot = "";
			targets = (
				50204AB729F2EB3E0066496B /* Landmarks */,
				50CF2FC129F6D71B00289CBB /* WatchLandmarks Watch App */,
				505F37A829F70FC400164837 /* MacOSLandmarks */,
			);
		};
/* End PBXProject section */

/* Begin PBXResourcesBuildPhase section */
		50204AB629F2EB3E0066496B /* Resources */ = {
			isa = PBXResourcesBuildPhase;
			buildActionMask = 2147483647;
			files = (
				508A114B29F56D3000AC097C /* hikeData.json in Resources */,
				50204AC329F2EB400066496B /* Preview Assets.xcassets in Resources */,
				50204AC029F2EB400066496B /* Assets.xcassets in Resources */,
				506DAEC229F48945001B0D12 /* landmarkData.json in Resources */,
			);
			runOnlyForDeploymentPostprocessing = 0;
		};
		505F37A729F70FC400164837 /* Resources */ = {
			isa = PBXResourcesBuildPhase;
			buildActionMask = 2147483647;
			files = (
				505F37B329F70FC700164837 /* Preview Assets.xcassets in Resources */,
				505F37D029F7162800164837 /* landmarkData.json in Resources */,
				505F37CF29F7162400164837 /* hikeData.json in Resources */,
				505F37B029F70FC600164837 /* Assets.xcassets in Resources */,
				505F37D129F7163300164837 /* Assets.xcassets in Resources */,
			);
			runOnlyForDeploymentPostprocessing = 0;
		};
		50CF2FC029F6D71B00289CBB /* Resources */ = {
			isa = PBXResourcesBuildPhase;
			buildActionMask = 2147483647;
			files = (
				50CF2FCC29F6D71C00289CBB /* Preview Assets.xcassets in Resources */,
				50CF2FD629F6D88D00289CBB /* landmarkData.json in Resources */,
				50CF2FD529F6D88D00289CBB /* hikeData.json in Resources */,
				50CF2FC929F6D71C00289CBB /* Assets.xcassets in Resources */,
				50CF2FDB29F6D88D00289CBB /* Assets.xcassets in Resources */,
			);
			runOnlyForDeploymentPostprocessing = 0;
		};
/* End PBXResourcesBuildPhase section */

/* Begin PBXSourcesBuildPhase section */
		50204AB429F2EB3E0066496B /* Sources */ = {
			isa = PBXSourcesBuildPhase;
			buildActionMask = 2147483647;
			files = (
				508A115B29F5766300AC097C /* CategoryRow.swift in Sources */,
				508A115F29F57E2A00AC097C /* Profile.swift in Sources */,
				505CC42729F75EE000E41ADA /* LandmarkCommands.swift in Sources */,
				50204ABE29F2EB3E0066496B /* ContentView.swift in Sources */,
				508A115829F5744800AC097C /* CategoryHome.swift in Sources */,
				50CF2F2129F6BD0600289CBB /* FeatureCard.swift in Sources */,
				508A115429F56E0600AC097C /* HikeGraph.swift in Sources */,
				508A114829F56ACF00AC097C /* Badge.swift in Sources */,
				506DAEC629F48C4C001B0D12 /* ModelData.swift in Sources */,
				508A115329F56E0600AC097C /* GraphCapsule.swift in Sources */,
				50204ACC29F2F3C10066496B /* MapView.swift in Sources */,
				50CF2F2529F6C2CB00289CBB /* PageControl.swift in Sources */,
				506DAED129F4BF98001B0D12 /* FavoriteButton.swift in Sources */,
				508A115D29F5783B00AC097C /* CategoryItem.swift in Sources */,
				508A115529F56E0600AC097C /* HikeDetail.swift in Sources */,
				508A116429F57F4500AC097C /* ProfileSummary.swift in Sources */,
				508A114029F5623300AC097C /* HexagonParameters.swift in Sources */,
				508A116229F57EB400AC097C /* ProfileHost.swift in Sources */,
				508A114D29F56D7200AC097C /* Hike.swift in Sources */,
				508A114629F56A5E00AC097C /* RotatedBadgeSymbol.swift in Sources */,
				50CF2F2329F6BDF100289CBB /* PageView.swift in Sources */,
				508A114429F5697700AC097C /* BadgeSymbol.swift in Sources */,
				50CF2F1C29F6B75D00289CBB /* ProfileEditor.swift in Sources */,
				506DAECD29F49B9C001B0D12 /* LandmarkList.swift in Sources */,
				508A115629F56E0600AC097C /* HikeView.swift in Sources */,
				506DAECF29F4A26C001B0D12 /* LandmarkDetail.swift in Sources */,
				50CF2F1F29F6BB4000289CBB /* PageViewController.swift in Sources */,
				508A114229F563D800AC097C /* BadgeBackground.swift in Sources */,
				508A116629F57FC000AC097C /* HikeBadge.swift in Sources */,
				50204ABC29F2EB3E0066496B /* LandmarksApp.swift in Sources */,
				50204ACA29F2F2110066496B /* CircleImage.swift in Sources */,
				506DAECB29F48E62001B0D12 /* LandmarkRow.swift in Sources */,
				506DAEC429F48986001B0D12 /* Landmark.swift in Sources */,
			);
			runOnlyForDeploymentPostprocessing = 0;
		};
		505F37A529F70FC400164837 /* Sources */ = {
			isa = PBXSourcesBuildPhase;
			buildActionMask = 2147483647;
			files = (
				505F37CC29F7161700164837 /* Hike.swift in Sources */,
				505F37CE29F7161F00164837 /* Profile.swift in Sources */,
				505CC42A29F768A200E41ADA /* LandmarkSettings.swift in Sources */,
				505F37C929F7160200164837 /* MapView.swift in Sources */,
				505F37AE29F70FC500164837 /* ContentView.swift in Sources */,
				505CC42829F75EE000E41ADA /* LandmarkCommands.swift in Sources */,
				505F37C529F715F000164837 /* LandmarksApp.swift in Sources */,
				505F37CA29F7160600164837 /* FavoriteButton.swift in Sources */,
				505F37C629F715F700164837 /* LandmarkRow.swift in Sources */,
				505F37D329F7191B00164837 /* LandmarkDetail.swift in Sources */,
				505F37CB29F7161200164837 /* Landmark.swift in Sources */,
				505F37CD29F7161B00164837 /* ModelData.swift in Sources */,
				505F37C729F715FA00164837 /* LandmarkList.swift in Sources */,
				505F37C829F715FF00164837 /* CircleImage.swift in Sources */,
			);
			runOnlyForDeploymentPostprocessing = 0;
		};
		50CF2FBE29F6D71B00289CBB /* Sources */ = {
			isa = PBXSourcesBuildPhase;
			buildActionMask = 2147483647;
			files = (
				50CF2FDA29F6D88D00289CBB /* Hike.swift in Sources */,
				50CF2FD029F6D88D00289CBB /* LandmarkRow.swift in Sources */,
				50CF2FD329F6D88D00289CBB /* Profile.swift in Sources */,
				505CC42529F7540300E41ADA /*  LandmarkList.swift in Sources */,
				50CF2FD829F6D88D00289CBB /* LandmarksApp.swift in Sources */,
				50CF2FD229F6D88D00289CBB /* CircleImage.swift in Sources */,
				50CF2FC729F6D71B00289CBB /* ContentView.swift in Sources */,
				50CF2FD129F6D88D00289CBB /* Landmark.swift in Sources */,
				50CF2FD929F6D88D00289CBB /* MapView.swift in Sources */,
				50CF2FE129F6E2A000289CBB /* NotificationController.swift in Sources */,
				50CF2FD729F6D88D00289CBB /* ModelData.swift in Sources */,
				50CF2FDD29F6D9B800289CBB /* LandmarkDetail.swift in Sources */,
				50CF2FDF29F6E18B00289CBB /* NotificationView.swift in Sources */,
			);
			runOnlyForDeploymentPostprocessing = 0;
		};
/* End PBXSourcesBuildPhase section */

/* Begin XCBuildConfiguration section */
		50204AC429F2EB400066496B /* Debug */ = {
			isa = XCBuildConfiguration;
			buildSettings = {
				ALWAYS_SEARCH_USER_PATHS = NO;
				CLANG_ANALYZER_NONNULL = YES;
				CLANG_ANALYZER_NUMBER_OBJECT_CONVERSION = YES_AGGRESSIVE;
				CLANG_CXX_LANGUAGE_STANDARD = "gnu++20";
				CLANG_ENABLE_MODULES = YES;
				CLANG_ENABLE_OBJC_ARC = YES;
				CLANG_ENABLE_OBJC_WEAK = YES;
				CLANG_WARN_BLOCK_CAPTURE_AUTORELEASING = YES;
				CLANG_WARN_BOOL_CONVERSION = YES;
				CLANG_WARN_COMMA = YES;
				CLANG_WARN_CONSTANT_CONVERSION = YES;
				CLANG_WARN_DEPRECATED_OBJC_IMPLEMENTATIONS = YES;
				CLANG_WARN_DIRECT_OBJC_ISA_USAGE = YES_ERROR;
				CLANG_WARN_DOCUMENTATION_COMMENTS = YES;
				CLANG_WARN_EMPTY_BODY = YES;
				CLANG_WARN_ENUM_CONVERSION = YES;
				CLANG_WARN_INFINITE_RECURSION = YES;
				CLANG_WARN_INT_CONVERSION = YES;
				CLANG_WARN_NON_LITERAL_NULL_CONVERSION = YES;
				CLANG_WARN_OBJC_IMPLICIT_RETAIN_SELF = YES;
				CLANG_WARN_OBJC_LITERAL_CONVERSION = YES;
				CLANG_WARN_OBJC_ROOT_CLASS = YES_ERROR;
				CLANG_WARN_QUOTED_INCLUDE_IN_FRAMEWORK_HEADER = YES;
				CLANG_WARN_RANGE_LOOP_ANALYSIS = YES;
				CLANG_WARN_STRICT_PROTOTYPES = YES;
				CLANG_WARN_SUSPICIOUS_MOVE = YES;
				CLANG_WARN_UNGUARDED_AVAILABILITY = YES_AGGRESSIVE;
				CLANG_WARN_UNREACHABLE_CODE = YES;
				CLANG_WARN__DUPLICATE_METHOD_MATCH = YES;
				COPY_PHASE_STRIP = NO;
				DEBUG_INFORMATION_FORMAT = dwarf;
				ENABLE_STRICT_OBJC_MSGSEND = YES;
				ENABLE_TESTABILITY = YES;
				GCC_C_LANGUAGE_STANDARD = gnu11;
				GCC_DYNAMIC_NO_PIC = NO;
				GCC_NO_COMMON_BLOCKS = YES;
				GCC_OPTIMIZATION_LEVEL = 0;
				GCC_PREPROCESSOR_DEFINITIONS = (
					"DEBUG=1",
					"$(inherited)",
				);
				GCC_WARN_64_TO_32_BIT_CONVERSION = YES;
				GCC_WARN_ABOUT_RETURN_TYPE = YES_ERROR;
				GCC_WARN_UNDECLARED_SELECTOR = YES;
				GCC_WARN_UNINITIALIZED_AUTOS = YES_AGGRESSIVE;
				GCC_WARN_UNUSED_FUNCTION = YES;
				GCC_WARN_UNUSED_VARIABLE = YES;
				IPHONEOS_DEPLOYMENT_TARGET = 16.2;
				MTL_ENABLE_DEBUG_INFO = INCLUDE_SOURCE;
				MTL_FAST_MATH = YES;
				ONLY_ACTIVE_ARCH = YES;
				SDKROOT = iphoneos;
				SWIFT_ACTIVE_COMPILATION_CONDITIONS = DEBUG;
				SWIFT_OPTIMIZATION_LEVEL = "-Onone";
			};
			name = Debug;
		};
		50204AC529F2EB400066496B /* Release */ = {
			isa = XCBuildConfiguration;
			buildSettings = {
				ALWAYS_SEARCH_USER_PATHS = NO;
				CLANG_ANALYZER_NONNULL = YES;
				CLANG_ANALYZER_NUMBER_OBJECT_CONVERSION = YES_AGGRESSIVE;
				CLANG_CXX_LANGUAGE_STANDARD = "gnu++20";
				CLANG_ENABLE_MODULES = YES;
				CLANG_ENABLE_OBJC_ARC = YES;
				CLANG_ENABLE_OBJC_WEAK = YES;
				CLANG_WARN_BLOCK_CAPTURE_AUTORELEASING = YES;
				CLANG_WARN_BOOL_CONVERSION = YES;
				CLANG_WARN_COMMA = YES;
				CLANG_WARN_CONSTANT_CONVERSION = YES;
				CLANG_WARN_DEPRECATED_OBJC_IMPLEMENTATIONS = YES;
				CLANG_WARN_DIRECT_OBJC_ISA_USAGE = YES_ERROR;
				CLANG_WARN_DOCUMENTATION_COMMENTS = YES;
				CLANG_WARN_EMPTY_BODY = YES;
				CLANG_WARN_ENUM_CONVERSION = YES;
				CLANG_WARN_INFINITE_RECURSION = YES;
				CLANG_WARN_INT_CONVERSION = YES;
				CLANG_WARN_NON_LITERAL_NULL_CONVERSION = YES;
				CLANG_WARN_OBJC_IMPLICIT_RETAIN_SELF = YES;
				CLANG_WARN_OBJC_LITERAL_CONVERSION = YES;
				CLANG_WARN_OBJC_ROOT_CLASS = YES_ERROR;
				CLANG_WARN_QUOTED_INCLUDE_IN_FRAMEWORK_HEADER = YES;
				CLANG_WARN_RANGE_LOOP_ANALYSIS = YES;
				CLANG_WARN_STRICT_PROTOTYPES = YES;
				CLANG_WARN_SUSPICIOUS_MOVE = YES;
				CLANG_WARN_UNGUARDED_AVAILABILITY = YES_AGGRESSIVE;
				CLANG_WARN_UNREACHABLE_CODE = YES;
				CLANG_WARN__DUPLICATE_METHOD_MATCH = YES;
				COPY_PHASE_STRIP = NO;
				DEBUG_INFORMATION_FORMAT = "dwarf-with-dsym";
				ENABLE_NS_ASSERTIONS = NO;
				ENABLE_STRICT_OBJC_MSGSEND = YES;
				GCC_C_LANGUAGE_STANDARD = gnu11;
				GCC_NO_COMMON_BLOCKS = YES;
				GCC_WARN_64_TO_32_BIT_CONVERSION = YES;
				GCC_WARN_ABOUT_RETURN_TYPE = YES_ERROR;
				GCC_WARN_UNDECLARED_SELECTOR = YES;
				GCC_WARN_UNINITIALIZED_AUTOS = YES_AGGRESSIVE;
				GCC_WARN_UNUSED_FUNCTION = YES;
				GCC_WARN_UNUSED_VARIABLE = YES;
				IPHONEOS_DEPLOYMENT_TARGET = 16.2;
				MTL_ENABLE_DEBUG_INFO = NO;
				MTL_FAST_MATH = YES;
				SDKROOT = iphoneos;
				SWIFT_COMPILATION_MODE = wholemodule;
				SWIFT_OPTIMIZATION_LEVEL = "-O";
				VALIDATE_PRODUCT = YES;
			};
			name = Release;
		};
		50204AC729F2EB400066496B /* Debug */ = {
			isa = XCBuildConfiguration;
			buildSettings = {
				ASSETCATALOG_COMPILER_APPICON_NAME = AppIcon;
				ASSETCATALOG_COMPILER_GLOBAL_ACCENT_COLOR_NAME = AccentColor;
				CODE_SIGN_STYLE = Automatic;
				CURRENT_PROJECT_VERSION = 1;
				DEVELOPMENT_ASSET_PATHS = "\"Landmarks/Preview Content\"";
				DEVELOPMENT_TEAM = PT982DDMHZ;
				ENABLE_PREVIEWS = YES;
				GENERATE_INFOPLIST_FILE = YES;
				INFOPLIST_KEY_UIApplicationSceneManifest_Generation = YES;
				INFOPLIST_KEY_UIApplicationSupportsIndirectInputEvents = YES;
				INFOPLIST_KEY_UILaunchScreen_Generation = YES;
				INFOPLIST_KEY_UISupportedInterfaceOrientations_iPad = "UIInterfaceOrientationPortrait UIInterfaceOrientationPortraitUpsideDown UIInterfaceOrientationLandscapeLeft UIInterfaceOrientationLandscapeRight";
				INFOPLIST_KEY_UISupportedInterfaceOrientations_iPhone = "UIInterfaceOrientationPortrait UIInterfaceOrientationLandscapeLeft UIInterfaceOrientationLandscapeRight";
				LD_RUNPATH_SEARCH_PATHS = (
					"$(inherited)",
					"@executable_path/Frameworks",
				);
				MARKETING_VERSION = 1.0;
				PRODUCT_BUNDLE_IDENTIFIER = MPol.Landmarks;
				PRODUCT_NAME = "$(TARGET_NAME)";
				SWIFT_EMIT_LOC_STRINGS = YES;
				SWIFT_VERSION = 5.0;
				TARGETED_DEVICE_FAMILY = "1,2";
			};
			name = Debug;
		};
		50204AC829F2EB400066496B /* Release */ = {
			isa = XCBuildConfiguration;
			buildSettings = {
				ASSETCATALOG_COMPILER_APPICON_NAME = AppIcon;
				ASSETCATALOG_COMPILER_GLOBAL_ACCENT_COLOR_NAME = AccentColor;
				CODE_SIGN_STYLE = Automatic;
				CURRENT_PROJECT_VERSION = 1;
				DEVELOPMENT_ASSET_PATHS = "\"Landmarks/Preview Content\"";
				DEVELOPMENT_TEAM = PT982DDMHZ;
				ENABLE_PREVIEWS = YES;
				GENERATE_INFOPLIST_FILE = YES;
				INFOPLIST_KEY_UIApplicationSceneManifest_Generation = YES;
				INFOPLIST_KEY_UIApplicationSupportsIndirectInputEvents = YES;
				INFOPLIST_KEY_UILaunchScreen_Generation = YES;
				INFOPLIST_KEY_UISupportedInterfaceOrientations_iPad = "UIInterfaceOrientationPortrait UIInterfaceOrientationPortraitUpsideDown UIInterfaceOrientationLandscapeLeft UIInterfaceOrientationLandscapeRight";
				INFOPLIST_KEY_UISupportedInterfaceOrientations_iPhone = "UIInterfaceOrientationPortrait UIInterfaceOrientationLandscapeLeft UIInterfaceOrientationLandscapeRight";
				LD_RUNPATH_SEARCH_PATHS = (
					"$(inherited)",
					"@executable_path/Frameworks",
				);
				MARKETING_VERSION = 1.0;
				PRODUCT_BUNDLE_IDENTIFIER = MPol.Landmarks;
				PRODUCT_NAME = "$(TARGET_NAME)";
				SWIFT_EMIT_LOC_STRINGS = YES;
				SWIFT_VERSION = 5.0;
				TARGETED_DEVICE_FAMILY = "1,2";
			};
			name = Release;
		};
		505F37B529F70FC700164837 /* Debug */ = {
			isa = XCBuildConfiguration;
			buildSettings = {
				ASSETCATALOG_COMPILER_APPICON_NAME = AppIcon;
				ASSETCATALOG_COMPILER_GLOBAL_ACCENT_COLOR_NAME = AccentColor;
				CODE_SIGN_ENTITLEMENTS = MacOSLandmarks/MacOSLandmarks.entitlements;
				CODE_SIGN_STYLE = Automatic;
				COMBINE_HIDPI_IMAGES = YES;
				CURRENT_PROJECT_VERSION = 1;
				DEVELOPMENT_ASSET_PATHS = "\"MacOSLandmarks/Preview Content\"";
				DEVELOPMENT_TEAM = PT982DDMHZ;
				ENABLE_HARDENED_RUNTIME = YES;
				ENABLE_PREVIEWS = YES;
				GENERATE_INFOPLIST_FILE = YES;
				INFOPLIST_KEY_NSHumanReadableCopyright = "";
				LD_RUNPATH_SEARCH_PATHS = (
					"$(inherited)",
					"@executable_path/../Frameworks",
				);
				MACOSX_DEPLOYMENT_TARGET = 13.1;
				MARKETING_VERSION = 1.0;
				PRODUCT_BUNDLE_IDENTIFIER = MPol.MacOSLandmarks;
				PRODUCT_NAME = "$(TARGET_NAME)";
				SDKROOT = macosx;
				SWIFT_EMIT_LOC_STRINGS = YES;
				SWIFT_VERSION = 5.0;
			};
			name = Debug;
		};
		505F37B629F70FC700164837 /* Release */ = {
			isa = XCBuildConfiguration;
			buildSettings = {
				ASSETCATALOG_COMPILER_APPICON_NAME = AppIcon;
				ASSETCATALOG_COMPILER_GLOBAL_ACCENT_COLOR_NAME = AccentColor;
				CODE_SIGN_ENTITLEMENTS = MacOSLandmarks/MacOSLandmarks.entitlements;
				CODE_SIGN_STYLE = Automatic;
				COMBINE_HIDPI_IMAGES = YES;
				CURRENT_PROJECT_VERSION = 1;
				DEVELOPMENT_ASSET_PATHS = "\"MacOSLandmarks/Preview Content\"";
				DEVELOPMENT_TEAM = PT982DDMHZ;
				ENABLE_HARDENED_RUNTIME = YES;
				ENABLE_PREVIEWS = YES;
				GENERATE_INFOPLIST_FILE = YES;
				INFOPLIST_KEY_NSHumanReadableCopyright = "";
				LD_RUNPATH_SEARCH_PATHS = (
					"$(inherited)",
					"@executable_path/../Frameworks",
				);
				MACOSX_DEPLOYMENT_TARGET = 13.1;
				MARKETING_VERSION = 1.0;
				PRODUCT_BUNDLE_IDENTIFIER = MPol.MacOSLandmarks;
				PRODUCT_NAME = "$(TARGET_NAME)";
				SDKROOT = macosx;
				SWIFT_EMIT_LOC_STRINGS = YES;
				SWIFT_VERSION = 5.0;
			};
			name = Release;
		};
		50CF2FCD29F6D71C00289CBB /* Debug */ = {
			isa = XCBuildConfiguration;
			buildSettings = {
				ASSETCATALOG_COMPILER_APPICON_NAME = AppIcon;
				ASSETCATALOG_COMPILER_GLOBAL_ACCENT_COLOR_NAME = AccentColor;
				CODE_SIGN_STYLE = Automatic;
				CURRENT_PROJECT_VERSION = 1;
				DEVELOPMENT_ASSET_PATHS = "\"WatchLandmarks Watch App/Preview Content\"";
				DEVELOPMENT_TEAM = PT982DDMHZ;
				ENABLE_PREVIEWS = YES;
				GENERATE_INFOPLIST_FILE = YES;
				INFOPLIST_KEY_CFBundleDisplayName = WatchLandmarks;
				INFOPLIST_KEY_UISupportedInterfaceOrientations = "UIInterfaceOrientationPortrait UIInterfaceOrientationPortraitUpsideDown";
				INFOPLIST_KEY_WKCompanionAppBundleIdentifier = "";
				INFOPLIST_KEY_WKRunsIndependentlyOfCompanionApp = YES;
				LD_RUNPATH_SEARCH_PATHS = (
					"$(inherited)",
					"@executable_path/Frameworks",
				);
				MARKETING_VERSION = 1.0;
				PRODUCT_BUNDLE_IDENTIFIER = .watchkitapp;
				PRODUCT_NAME = "$(TARGET_NAME)";
				SDKROOT = watchos;
				SKIP_INSTALL = YES;
				SWIFT_EMIT_LOC_STRINGS = YES;
				SWIFT_VERSION = 5.0;
				TARGETED_DEVICE_FAMILY = 4;
				WATCHOS_DEPLOYMENT_TARGET = 9.1;
			};
			name = Debug;
		};
		50CF2FCE29F6D71C00289CBB /* Release */ = {
			isa = XCBuildConfiguration;
			buildSettings = {
				ASSETCATALOG_COMPILER_APPICON_NAME = AppIcon;
				ASSETCATALOG_COMPILER_GLOBAL_ACCENT_COLOR_NAME = AccentColor;
				CODE_SIGN_STYLE = Automatic;
				CURRENT_PROJECT_VERSION = 1;
				DEVELOPMENT_ASSET_PATHS = "\"WatchLandmarks Watch App/Preview Content\"";
				DEVELOPMENT_TEAM = PT982DDMHZ;
				ENABLE_PREVIEWS = YES;
				GENERATE_INFOPLIST_FILE = YES;
				INFOPLIST_KEY_CFBundleDisplayName = WatchLandmarks;
				INFOPLIST_KEY_UISupportedInterfaceOrientations = "UIInterfaceOrientationPortrait UIInterfaceOrientationPortraitUpsideDown";
				INFOPLIST_KEY_WKCompanionAppBundleIdentifier = "";
				INFOPLIST_KEY_WKRunsIndependentlyOfCompanionApp = YES;
				LD_RUNPATH_SEARCH_PATHS = (
					"$(inherited)",
					"@executable_path/Frameworks",
				);
				MARKETING_VERSION = 1.0;
				PRODUCT_BUNDLE_IDENTIFIER = .watchkitapp;
				PRODUCT_NAME = "$(TARGET_NAME)";
				SDKROOT = watchos;
				SKIP_INSTALL = YES;
				SWIFT_EMIT_LOC_STRINGS = YES;
				SWIFT_VERSION = 5.0;
				TARGETED_DEVICE_FAMILY = 4;
				WATCHOS_DEPLOYMENT_TARGET = 9.1;
			};
			name = Release;
		};
/* End XCBuildConfiguration section */

/* Begin XCConfigurationList section */
		50204AB329F2EB3E0066496B /* Build configuration list for PBXProject "Landmarks" */ = {
			isa = XCConfigurationList;
			buildConfigurations = (
				50204AC429F2EB400066496B /* Debug */,
				50204AC529F2EB400066496B /* Release */,
			);
			defaultConfigurationIsVisible = 0;
			defaultConfigurationName = Release;
		};
		50204AC629F2EB400066496B /* Build configuration list for PBXNativeTarget "Landmarks" */ = {
			isa = XCConfigurationList;
			buildConfigurations = (
				50204AC729F2EB400066496B /* Debug */,
				50204AC829F2EB400066496B /* Release */,
			);
			defaultConfigurationIsVisible = 0;
			defaultConfigurationName = Release;
		};
		505F37B729F70FC700164837 /* Build configuration list for PBXNativeTarget "MacOSLandmarks" */ = {
			isa = XCConfigurationList;
			buildConfigurations = (
				505F37B529F70FC700164837 /* Debug */,
				505F37B629F70FC700164837 /* Release */,
			);
			defaultConfigurationIsVisible = 0;
			defaultConfigurationName = Release;
		};
		50CF2FCF29F6D71C00289CBB /* Build configuration list for PBXNativeTarget "WatchLandmarks Watch App" */ = {
			isa = XCConfigurationList;
			buildConfigurations = (
				50CF2FCD29F6D71C00289CBB /* Debug */,
				50CF2FCE29F6D71C00289CBB /* Release */,
			);
			defaultConfigurationIsVisible = 0;
			defaultConfigurationName = Release;
		};
/* End XCConfigurationList section */
	};
	rootObject = 50204AB029F2EB3E0066496B /* Project object */;
}
